# This file is @generated by PDM.
# It is not intended for manual editing.

[metadata]
groups = ["default"]
strategy = []
lock_version = "4.5.0"
content_hash = "sha256:e67b2558794cdd9a7827c36d42e4e2604ee4ed2524b28e99922acdee5087440e"

[[metadata.targets]]
requires_python = ">=3.10"

[[package]]
name = "colorama"
version = "0.4.6"
summary = ""
files = [
    {file = "colorama-0.4.6-py2.py3-none-any.whl", hash = "sha256:4f1d9991f5acc0ca119f9d443620b77f9d6b33703e51011c16baf57afb285fc6"},
    {file = "colorama-0.4.6.tar.gz", hash = "sha256:08695f5cb7ed6e0531a20572697297273c47b8cae5a63ffc6d6ed5c201be6e44"},
]

[[package]]
name = "deepdiff"
version = "8.5.0"
summary = ""
dependencies = [
    "orderly-set",
]
files = [
    {file = "deepdiff-8.5.0-py3-none-any.whl", hash = "sha256:d4599db637f36a1c285f5fdfc2cd8d38bde8d8be8636b65ab5e425b67c54df26"},
    {file = "deepdiff-8.5.0.tar.gz", hash = "sha256:a4dd3529fa8d4cd5b9cbb6e3ea9c95997eaa919ba37dac3966c1b8f872dc1cd1"},
]

[[package]]
name = "duckdb"
version = "1.3.0"
summary = ""
files = [
    {file = "duckdb-1.3.0-cp310-cp310-macosx_12_0_arm64.whl", hash = "sha256:fc65c1e97aa010359c43c0342ea423e6efa3cb8c8e3f133b0765451ce674e3db"},
    {file = "duckdb-1.3.0-cp310-cp310-macosx_12_0_universal2.whl", hash = "sha256:8fc91b629646679e33806342510335ccbbeaf2b823186f0ae829fd48e7a63c66"},
    {file = "duckdb-1.3.0-cp310-cp310-macosx_12_0_x86_64.whl", hash = "sha256:1a69b970553fd015c557238d427ef00be3c8ed58c3bc3641aef987e33f8bf614"},
    {file = "duckdb-1.3.0-cp310-cp310-manylinux_2_27_aarch64.manylinux_2_28_aarch64.whl", hash = "sha256:1003e84c07b84680cee6d06e4795b6e861892474704f7972058594a52c7473cf"},
    {file = "duckdb-1.3.0-cp310-cp310-manylinux_2_27_x86_64.manylinux_2_28_x86_64.whl", hash = "sha256:992239b54ca6f015ad0ed0d80f3492c065313c4641df0a226183b8860cb7f5b0"},
    {file = "duckdb-1.3.0-cp310-cp310-musllinux_1_2_x86_64.whl", hash = "sha256:0ba1c5af59e8147216149b814b1970b8f7e3c240494a9688171390db3c504b29"},
    {file = "duckdb-1.3.0-cp310-cp310-win_amd64.whl", hash = "sha256:57b794ca28e22b23bd170506cb1d4704a3608e67f0fe33273db9777b69bdf26a"},
    {file = "duckdb-1.3.0-cp311-cp311-macosx_12_0_arm64.whl", hash = "sha256:60a58b85929754abb21db1e739d2f53eaef63e6015e62ba58eae3425030e7935"},
    {file = "duckdb-1.3.0-cp311-cp311-macosx_12_0_universal2.whl", hash = "sha256:1d46b5a20f078b1b2284243e02a1fde7e12cbb8d205fce62e4700bcfe6a09881"},
    {file = "duckdb-1.3.0-cp311-cp311-macosx_12_0_x86_64.whl", hash = "sha256:0044e5ffb2d46308099640a92f99980a44e12bb68642aa9e6b08acbf300d64a1"},
    {file = "duckdb-1.3.0-cp311-cp311-manylinux_2_27_aarch64.manylinux_2_28_aarch64.whl", hash = "sha256:5cb813de2ca2f5e7c77392a67bdcaa174bfd69ebbfdfc983024af270c77a0447"},
    {file = "duckdb-1.3.0-cp311-cp311-manylinux_2_27_x86_64.manylinux_2_28_x86_64.whl", hash = "sha256:7a0c993eb6df2b30b189ad747f3aea1b0b87b78ab7f80c6e7c57117b6e8dbfb0"},
    {file = "duckdb-1.3.0-cp311-cp311-musllinux_1_2_x86_64.whl", hash = "sha256:6728e209570d36ece66dd7249e5d6055326321137cd807f26300733283930cd4"},
    {file = "duckdb-1.3.0-cp311-cp311-win_amd64.whl", hash = "sha256:7e652b7c8dbdb91a94fd7d543d3e115d24a25aa0791a373a852e20cb7bb21154"},
    {file = "duckdb-1.3.0-cp312-cp312-macosx_12_0_arm64.whl", hash = "sha256:f24038fe9b83dcbaeafb1ed76ec3b3f38943c1c8d27ab464ad384db8a6658b61"},
    {file = "duckdb-1.3.0-cp312-cp312-macosx_12_0_universal2.whl", hash = "sha256:956c85842841bef68f4a5388c6b225b933151a7c06d568390fc895fc44607913"},
    {file = "duckdb-1.3.0-cp312-cp312-macosx_12_0_x86_64.whl", hash = "sha256:efe883d822ed56fcfbb6a7b397c13f6a0d2eaeb3bc4ef4510f84fadb3dfe416d"},
    {file = "duckdb-1.3.0-cp312-cp312-manylinux_2_27_aarch64.manylinux_2_28_aarch64.whl", hash = "sha256:3872a3a1b80ffba5264ea236a3754d0c41d3c7b01bdf8cdcb1c180fc1b8dc8e2"},
    {file = "duckdb-1.3.0-cp312-cp312-manylinux_2_27_x86_64.manylinux_2_28_x86_64.whl", hash = "sha256:30bf45ad78a5a997f378863e036e917b481d18d685e5c977cd0a3faf2e31fbaf"},
    {file = "duckdb-1.3.0-cp312-cp312-musllinux_1_2_x86_64.whl", hash = "sha256:85cbd8e1d65df8a0780023baf5045d3033fabd154799bc9ea6d9ab5728f41eb3"},
    {file = "duckdb-1.3.0-cp312-cp312-win_amd64.whl", hash = "sha256:8754c40dac0f26d9fb0363bbb5df02f7a61ce6a6728d5efc02c3bc925d7c89c3"},
    {file = "duckdb-1.3.0-cp313-cp313-macosx_12_0_arm64.whl", hash = "sha256:176b9818d940c52ac7f31c64a98cf172d7c19d2a006017c9c4e9c06c246e36bf"},
    {file = "duckdb-1.3.0-cp313-cp313-macosx_12_0_universal2.whl", hash = "sha256:03981f7e8793f07a4a9a2ba387640e71d0a99ebcaf8693ab09f96d59e628b713"},
    {file = "duckdb-1.3.0-cp313-cp313-macosx_12_0_x86_64.whl", hash = "sha256:a177d55a38a62fdf79b59a0eaa32531a1dbb443265f6d67f64992cc1e82b755c"},
    {file = "duckdb-1.3.0-cp313-cp313-manylinux_2_27_aarch64.manylinux_2_28_aarch64.whl", hash = "sha256:b1c30e3749823147d5578bc3f01f35d1a0433a1c768908d946056ec8d6e1757e"},
    {file = "duckdb-1.3.0-cp313-cp313-manylinux_2_27_x86_64.manylinux_2_28_x86_64.whl", hash = "sha256:5855f3a564baf22eeeab70c120b51f5a11914f1f1634f03382daeb6b1dea4c62"},
    {file = "duckdb-1.3.0-cp313-cp313-musllinux_1_2_x86_64.whl", hash = "sha256:9b1fac15a48056f7c2739cf8800873063ba2f691e91a9b2fc167658a401ca76a"},
    {file = "duckdb-1.3.0-cp313-cp313-win_amd64.whl", hash = "sha256:fbdfc1c0b83b90f780ae74038187ee696bb56ab727a289752372d7ec42dda65b"},
    {file = "duckdb-1.3.0.tar.gz", hash = "sha256:09aaa4b1dca24f4d1f231e7ae66b6413e317b7e04e2753541d42df6c8113fac7"},
]

[[package]]
name = "grpcio"
version = "1.67.1"
summary = ""
files = [
    {file = "grpcio-1.67.1-cp310-cp310-linux_armv7l.whl", hash = "sha256:8b0341d66a57f8a3119b77ab32207072be60c9bf79760fa609c5609f2deb1f3f"},
    {file = "grpcio-1.67.1-cp310-cp310-macosx_12_0_universal2.whl", hash = "sha256:f5a27dddefe0e2357d3e617b9079b4bfdc91341a91565111a21ed6ebbc51b22d"},
    {file = "grpcio-1.67.1-cp310-cp310-manylinux_2_17_aarch64.whl", hash = "sha256:43112046864317498a33bdc4797ae6a268c36345a910de9b9c17159d8346602f"},
    {file = "grpcio-1.67.1-cp310-cp310-manylinux_2_17_i686.manylinux2014_i686.whl", hash = "sha256:c9b929f13677b10f63124c1a410994a401cdd85214ad83ab67cc077fc7e480f0"},
    {file = "grpcio-1.67.1-cp310-cp310-manylinux_2_17_x86_64.manylinux2014_x86_64.whl", hash = "sha256:e7d1797a8a3845437d327145959a2c0c47c05947c9eef5ff1a4c80e499dcc6fa"},
    {file = "grpcio-1.67.1-cp310-cp310-musllinux_1_1_i686.whl", hash = "sha256:0489063974d1452436139501bf6b180f63d4977223ee87488fe36858c5725292"},
    {file = "grpcio-1.67.1-cp310-cp310-musllinux_1_1_x86_64.whl", hash = "sha256:9fd042de4a82e3e7aca44008ee2fb5da01b3e5adb316348c21980f7f58adc311"},
    {file = "grpcio-1.67.1-cp310-cp310-win32.whl", hash = "sha256:638354e698fd0c6c76b04540a850bf1db27b4d2515a19fcd5cf645c48d3eb1ed"},
    {file = "grpcio-1.67.1-cp310-cp310-win_amd64.whl", hash = "sha256:608d87d1bdabf9e2868b12338cd38a79969eaf920c89d698ead08f48de9c0f9e"},
    {file = "grpcio-1.67.1-cp311-cp311-linux_armv7l.whl", hash = "sha256:7818c0454027ae3384235a65210bbf5464bd715450e30a3d40385453a85a70cb"},
    {file = "grpcio-1.67.1-cp311-cp311-macosx_10_9_universal2.whl", hash = "sha256:ea33986b70f83844cd00814cee4451055cd8cab36f00ac64a31f5bb09b31919e"},
    {file = "grpcio-1.67.1-cp311-cp311-manylinux_2_17_aarch64.whl", hash = "sha256:c7a01337407dd89005527623a4a72c5c8e2894d22bead0895306b23c6695698f"},
    {file = "grpcio-1.67.1-cp311-cp311-manylinux_2_17_i686.manylinux2014_i686.whl", hash = "sha256:80b866f73224b0634f4312a4674c1be21b2b4afa73cb20953cbbb73a6b36c3cc"},
    {file = "grpcio-1.67.1-cp311-cp311-manylinux_2_17_x86_64.manylinux2014_x86_64.whl", hash = "sha256:f9fff78ba10d4250bfc07a01bd6254a6d87dc67f9627adece85c0b2ed754fa96"},
    {file = "grpcio-1.67.1-cp311-cp311-musllinux_1_1_i686.whl", hash = "sha256:8a23cbcc5bb11ea7dc6163078be36c065db68d915c24f5faa4f872c573bb400f"},
    {file = "grpcio-1.67.1-cp311-cp311-musllinux_1_1_x86_64.whl", hash = "sha256:1a65b503d008f066e994f34f456e0647e5ceb34cfcec5ad180b1b44020ad4970"},
    {file = "grpcio-1.67.1-cp311-cp311-win32.whl", hash = "sha256:e29ca27bec8e163dca0c98084040edec3bc49afd10f18b412f483cc68c712744"},
    {file = "grpcio-1.67.1-cp311-cp311-win_amd64.whl", hash = "sha256:786a5b18544622bfb1e25cc08402bd44ea83edfb04b93798d85dca4d1a0b5be5"},
    {file = "grpcio-1.67.1-cp312-cp312-linux_armv7l.whl", hash = "sha256:267d1745894200e4c604958da5f856da6293f063327cb049a51fe67348e4f953"},
    {file = "grpcio-1.67.1-cp312-cp312-macosx_10_9_universal2.whl", hash = "sha256:85f69fdc1d28ce7cff8de3f9c67db2b0ca9ba4449644488c1e0303c146135ddb"},
    {file = "grpcio-1.67.1-cp312-cp312-manylinux_2_17_aarch64.whl", hash = "sha256:f26b0b547eb8d00e195274cdfc63ce64c8fc2d3e2d00b12bf468ece41a0423a0"},
    {file = "grpcio-1.67.1-cp312-cp312-manylinux_2_17_i686.manylinux2014_i686.whl", hash = "sha256:4422581cdc628f77302270ff839a44f4c24fdc57887dc2a45b7e53d8fc2376af"},
    {file = "grpcio-1.67.1-cp312-cp312-manylinux_2_17_x86_64.manylinux2014_x86_64.whl", hash = "sha256:1d7616d2ded471231c701489190379e0c311ee0a6c756f3c03e6a62b95a7146e"},
    {file = "grpcio-1.67.1-cp312-cp312-musllinux_1_1_i686.whl", hash = "sha256:8a00efecde9d6fcc3ab00c13f816313c040a28450e5e25739c24f432fc6d3c75"},
    {file = "grpcio-1.67.1-cp312-cp312-musllinux_1_1_x86_64.whl", hash = "sha256:699e964923b70f3101393710793289e42845791ea07565654ada0969522d0a38"},
    {file = "grpcio-1.67.1-cp312-cp312-win32.whl", hash = "sha256:4e7b904484a634a0fff132958dabdb10d63e0927398273917da3ee103e8d1f78"},
    {file = "grpcio-1.67.1-cp312-cp312-win_amd64.whl", hash = "sha256:5721e66a594a6c4204458004852719b38f3d5522082be9061d6510b455c90afc"},
    {file = "grpcio-1.67.1-cp313-cp313-linux_armv7l.whl", hash = "sha256:aa0162e56fd10a5547fac8774c4899fc3e18c1aa4a4759d0ce2cd00d3696ea6b"},
    {file = "grpcio-1.67.1-cp313-cp313-macosx_10_13_universal2.whl", hash = "sha256:beee96c8c0b1a75d556fe57b92b58b4347c77a65781ee2ac749d550f2a365dc1"},
    {file = "grpcio-1.67.1-cp313-cp313-manylinux_2_17_aarch64.whl", hash = "sha256:a93deda571a1bf94ec1f6fcda2872dad3ae538700d94dc283c672a3b508ba3af"},
    {file = "grpcio-1.67.1-cp313-cp313-manylinux_2_17_i686.manylinux2014_i686.whl", hash = "sha256:0e6f255980afef598a9e64a24efce87b625e3e3c80a45162d111a461a9f92955"},
    {file = "grpcio-1.67.1-cp313-cp313-manylinux_2_17_x86_64.manylinux2014_x86_64.whl", hash = "sha256:9e838cad2176ebd5d4a8bb03955138d6589ce9e2ce5d51c3ada34396dbd2dba8"},
    {file = "grpcio-1.67.1-cp313-cp313-musllinux_1_1_i686.whl", hash = "sha256:a6703916c43b1d468d0756c8077b12017a9fcb6a1ef13faf49e67d20d7ebda62"},
    {file = "grpcio-1.67.1-cp313-cp313-musllinux_1_1_x86_64.whl", hash = "sha256:917e8d8994eed1d86b907ba2a61b9f0aef27a2155bca6cbb322430fc7135b7bb"},
    {file = "grpcio-1.67.1-cp313-cp313-win32.whl", hash = "sha256:e279330bef1744040db8fc432becc8a727b84f456ab62b744d3fdb83f327e121"},
    {file = "grpcio-1.67.1-cp313-cp313-win_amd64.whl", hash = "sha256:fa0c739ad8b1996bd24823950e3cb5152ae91fca1c09cc791190bf1627ffefba"},
    {file = "grpcio-1.67.1.tar.gz", hash = "sha256:3dc2ed4cabea4dc14d5e708c2b426205956077cc5de419b4d4079315017e9732"},
]

[[package]]
name = "loguru"
version = "0.7.3"
summary = ""
dependencies = [
    "colorama; sys_platform == \"win32\"",
    "win32-setctime; sys_platform == \"win32\"",
]
files = [
    {file = "loguru-0.7.3-py3-none-any.whl", hash = "sha256:31a33c10c8e1e10422bfd431aeb5d351c7cf7fa671e3c4df004162264b28220c"},
    {file = "loguru-0.7.3.tar.gz", hash = "sha256:19480589e77d47b8d85b2c827ad95d49bf31b0dcde16593892eb51dd18706eb6"},
]

[[package]]
name = "milvus-lite"
version = "2.4.12"
summary = ""
dependencies = [
    "tqdm",
]
files = [
    {file = "milvus_lite-2.4.12-py3-none-macosx_10_9_x86_64.whl", hash = "sha256:e8d4f7cdd5f731efd6faeee3715d280fd91a5f9b4d89312664d56401f65b1473"},
    {file = "milvus_lite-2.4.12-py3-none-macosx_11_0_arm64.whl", hash = "sha256:20087663e7b4385050b7ad08f1f03404426d4c87b1ff91d5a8723eee7fd49e88"},
    {file = "milvus_lite-2.4.12-py3-none-manylinux2014_aarch64.whl", hash = "sha256:a0f3a5ddbfd19f4a6b842b2fd3445693c796cde272b701a1646a94c1ac45d3d7"},
    {file = "milvus_lite-2.4.12-py3-none-manylinux2014_x86_64.whl", hash = "sha256:334037ebbab60243b5d8b43d54ca2f835d81d48c3cda0c6a462605e588deb05d"},
]

[[package]]
name = "numpy"
version = "2.2.6"
summary = ""
files = [
    {file = "numpy-2.2.6-cp310-cp310-macosx_10_9_x86_64.whl", hash = "sha256:b412caa66f72040e6d268491a59f2c43bf03eb6c96dd8f0307829feb7fa2b6fb"},
    {file = "numpy-2.2.6-cp310-cp310-macosx_11_0_arm64.whl", hash = "sha256:8e41fd67c52b86603a91c1a505ebaef50b3314de0213461c7a6e99c9a3beff90"},
    {file = "numpy-2.2.6-cp310-cp310-macosx_14_0_arm64.whl", hash = "sha256:37e990a01ae6ec7fe7fa1c26c55ecb672dd98b19c3d0e1d1f326fa13cb38d163"},
    {file = "numpy-2.2.6-cp310-cp310-macosx_14_0_x86_64.whl", hash = "sha256:5a6429d4be8ca66d889b7cf70f536a397dc45ba6faeb5f8c5427935d9592e9cf"},
    {file = "numpy-2.2.6-cp310-cp310-manylinux_2_17_aarch64.manylinux2014_aarch64.whl", hash = "sha256:efd28d4e9cd7d7a8d39074a4d44c63eda73401580c5c76acda2ce969e0a38e83"},
    {file = "numpy-2.2.6-cp310-cp310-manylinux_2_17_x86_64.manylinux2014_x86_64.whl", hash = "sha256:fc7b73d02efb0e18c000e9ad8b83480dfcd5dfd11065997ed4c6747470ae8915"},
    {file = "numpy-2.2.6-cp310-cp310-musllinux_1_2_aarch64.whl", hash = "sha256:74d4531beb257d2c3f4b261bfb0fc09e0f9ebb8842d82a7b4209415896adc680"},
    {file = "numpy-2.2.6-cp310-cp310-musllinux_1_2_x86_64.whl", hash = "sha256:8fc377d995680230e83241d8a96def29f204b5782f371c532579b4f20607a289"},
    {file = "numpy-2.2.6-cp310-cp310-win32.whl", hash = "sha256:b093dd74e50a8cba3e873868d9e93a85b78e0daf2e98c6797566ad8044e8363d"},
    {file = "numpy-2.2.6-cp310-cp310-win_amd64.whl", hash = "sha256:f0fd6321b839904e15c46e0d257fdd101dd7f530fe03fd6359c1ea63738703f3"},
    {file = "numpy-2.2.6-cp311-cp311-macosx_10_9_x86_64.whl", hash = "sha256:f9f1adb22318e121c5c69a09142811a201ef17ab257a1e66ca3025065b7f53ae"},
    {file = "numpy-2.2.6-cp311-cp311-macosx_11_0_arm64.whl", hash = "sha256:c820a93b0255bc360f53eca31a0e676fd1101f673dda8da93454a12e23fc5f7a"},
    {file = "numpy-2.2.6-cp311-cp311-macosx_14_0_arm64.whl", hash = "sha256:3d70692235e759f260c3d837193090014aebdf026dfd167834bcba43e30c2a42"},
    {file = "numpy-2.2.6-cp311-cp311-macosx_14_0_x86_64.whl", hash = "sha256:481b49095335f8eed42e39e8041327c05b0f6f4780488f61286ed3c01368d491"},
    {file = "numpy-2.2.6-cp311-cp311-manylinux_2_17_aarch64.manylinux2014_aarch64.whl", hash = "sha256:b64d8d4d17135e00c8e346e0a738deb17e754230d7e0810ac5012750bbd85a5a"},
    {file = "numpy-2.2.6-cp311-cp311-manylinux_2_17_x86_64.manylinux2014_x86_64.whl", hash = "sha256:ba10f8411898fc418a521833e014a77d3ca01c15b0c6cdcce6a0d2897e6dbbdf"},
    {file = "numpy-2.2.6-cp311-cp311-musllinux_1_2_aarch64.whl", hash = "sha256:bd48227a919f1bafbdda0583705e547892342c26fb127219d60a5c36882609d1"},
    {file = "numpy-2.2.6-cp311-cp311-musllinux_1_2_x86_64.whl", hash = "sha256:9551a499bf125c1d4f9e250377c1ee2eddd02e01eac6644c080162c0c51778ab"},
    {file = "numpy-2.2.6-cp311-cp311-win32.whl", hash = "sha256:0678000bb9ac1475cd454c6b8c799206af8107e310843532b04d49649c717a47"},
    {file = "numpy-2.2.6-cp311-cp311-win_amd64.whl", hash = "sha256:e8213002e427c69c45a52bbd94163084025f533a55a59d6f9c5b820774ef3303"},
    {file = "numpy-2.2.6-cp312-cp312-macosx_10_13_x86_64.whl", hash = "sha256:41c5a21f4a04fa86436124d388f6ed60a9343a6f767fced1a8a71c3fbca038ff"},
    {file = "numpy-2.2.6-cp312-cp312-macosx_11_0_arm64.whl", hash = "sha256:de749064336d37e340f640b05f24e9e3dd678c57318c7289d222a8a2f543e90c"},
    {file = "numpy-2.2.6-cp312-cp312-macosx_14_0_arm64.whl", hash = "sha256:894b3a42502226a1cac872f840030665f33326fc3dac8e57c607905773cdcde3"},
    {file = "numpy-2.2.6-cp312-cp312-macosx_14_0_x86_64.whl", hash = "sha256:71594f7c51a18e728451bb50cc60a3ce4e6538822731b2933209a1f3614e9282"},
    {file = "numpy-2.2.6-cp312-cp312-manylinux_2_17_aarch64.manylinux2014_aarch64.whl", hash = "sha256:f2618db89be1b4e05f7a1a847a9c1c0abd63e63a1607d892dd54668dd92faf87"},
    {file = "numpy-2.2.6-cp312-cp312-manylinux_2_17_x86_64.manylinux2014_x86_64.whl", hash = "sha256:fd83c01228a688733f1ded5201c678f0c53ecc1006ffbc404db9f7a899ac6249"},
    {file = "numpy-2.2.6-cp312-cp312-musllinux_1_2_aarch64.whl", hash = "sha256:37c0ca431f82cd5fa716eca9506aefcabc247fb27ba69c5062a6d3ade8cf8f49"},
    {file = "numpy-2.2.6-cp312-cp312-musllinux_1_2_x86_64.whl", hash = "sha256:fe27749d33bb772c80dcd84ae7e8df2adc920ae8297400dabec45f0dedb3f6de"},
    {file = "numpy-2.2.6-cp312-cp312-win32.whl", hash = "sha256:4eeaae00d789f66c7a25ac5f34b71a7035bb474e679f410e5e1a94deb24cf2d4"},
    {file = "numpy-2.2.6-cp312-cp312-win_amd64.whl", hash = "sha256:c1f9540be57940698ed329904db803cf7a402f3fc200bfe599334c9bd84a40b2"},
    {file = "numpy-2.2.6-cp313-cp313-macosx_10_13_x86_64.whl", hash = "sha256:0811bb762109d9708cca4d0b13c4f67146e3c3b7cf8d34018c722adb2d957c84"},
    {file = "numpy-2.2.6-cp313-cp313-macosx_11_0_arm64.whl", hash = "sha256:287cc3162b6f01463ccd86be154f284d0893d2b3ed7292439ea97eafa8170e0b"},
    {file = "numpy-2.2.6-cp313-cp313-macosx_14_0_arm64.whl", hash = "sha256:f1372f041402e37e5e633e586f62aa53de2eac8d98cbfb822806ce4bbefcb74d"},
    {file = "numpy-2.2.6-cp313-cp313-macosx_14_0_x86_64.whl", hash = "sha256:55a4d33fa519660d69614a9fad433be87e5252f4b03850642f88993f7b2ca566"},
    {file = "numpy-2.2.6-cp313-cp313-manylinux_2_17_aarch64.manylinux2014_aarch64.whl", hash = "sha256:f92729c95468a2f4f15e9bb94c432a9229d0d50de67304399627a943201baa2f"},
    {file = "numpy-2.2.6-cp313-cp313-manylinux_2_17_x86_64.manylinux2014_x86_64.whl", hash = "sha256:1bc23a79bfabc5d056d106f9befb8d50c31ced2fbc70eedb8155aec74a45798f"},
    {file = "numpy-2.2.6-cp313-cp313-musllinux_1_2_aarch64.whl", hash = "sha256:e3143e4451880bed956e706a3220b4e5cf6172ef05fcc397f6f36a550b1dd868"},
    {file = "numpy-2.2.6-cp313-cp313-musllinux_1_2_x86_64.whl", hash = "sha256:b4f13750ce79751586ae2eb824ba7e1e8dba64784086c98cdbbcc6a42112ce0d"},
    {file = "numpy-2.2.6-cp313-cp313-win32.whl", hash = "sha256:5beb72339d9d4fa36522fc63802f469b13cdbe4fdab4a288f0c441b74272ebfd"},
    {file = "numpy-2.2.6-cp313-cp313-win_amd64.whl", hash = "sha256:b0544343a702fa80c95ad5d3d608ea3599dd54d4632df855e4c8d24eb6ecfa1c"},
    {file = "numpy-2.2.6-cp313-cp313t-macosx_10_13_x86_64.whl", hash = "sha256:0bca768cd85ae743b2affdc762d617eddf3bcf8724435498a1e80132d04879e6"},
    {file = "numpy-2.2.6-cp313-cp313t-macosx_11_0_arm64.whl", hash = "sha256:fc0c5673685c508a142ca65209b4e79ed6740a4ed6b2267dbba90f34b0b3cfda"},
    {file = "numpy-2.2.6-cp313-cp313t-macosx_14_0_arm64.whl", hash = "sha256:5bd4fc3ac8926b3819797a7c0e2631eb889b4118a9898c84f585a54d475b7e40"},
    {file = "numpy-2.2.6-cp313-cp313t-macosx_14_0_x86_64.whl", hash = "sha256:fee4236c876c4e8369388054d02d0e9bb84821feb1a64dd59e137e6511a551f8"},
    {file = "numpy-2.2.6-cp313-cp313t-manylinux_2_17_aarch64.manylinux2014_aarch64.whl", hash = "sha256:e1dda9c7e08dc141e0247a5b8f49cf05984955246a327d4c48bda16821947b2f"},
    {file = "numpy-2.2.6-cp313-cp313t-manylinux_2_17_x86_64.manylinux2014_x86_64.whl", hash = "sha256:f447e6acb680fd307f40d3da4852208af94afdfab89cf850986c3ca00562f4fa"},
    {file = "numpy-2.2.6-cp313-cp313t-musllinux_1_2_aarch64.whl", hash = "sha256:389d771b1623ec92636b0786bc4ae56abafad4a4c513d36a55dce14bd9ce8571"},
    {file = "numpy-2.2.6-cp313-cp313t-musllinux_1_2_x86_64.whl", hash = "sha256:8e9ace4a37db23421249ed236fdcdd457d671e25146786dfc96835cd951aa7c1"},
    {file = "numpy-2.2.6-cp313-cp313t-win32.whl", hash = "sha256:038613e9fb8c72b0a41f025a7e4c3f0b7a1b5d768ece4796b674c8f3fe13efff"},
    {file = "numpy-2.2.6-cp313-cp313t-win_amd64.whl", hash = "sha256:6031dd6dfecc0cf9f668681a37648373bddd6421fff6c66ec1624eed0180ee06"},
    {file = "numpy-2.2.6-pp310-pypy310_pp73-macosx_10_15_x86_64.whl", hash = "sha256:0b605b275d7bd0c640cad4e5d30fa701a8d59302e127e5f79138ad62762c3e3d"},
    {file = "numpy-2.2.6-pp310-pypy310_pp73-macosx_14_0_x86_64.whl", hash = "sha256:7befc596a7dc9da8a337f79802ee8adb30a552a94f792b9c9d18c840055907db"},
    {file = "numpy-2.2.6-pp310-pypy310_pp73-manylinux_2_17_x86_64.manylinux2014_x86_64.whl", hash = "sha256:ce47521a4754c8f4593837384bd3424880629f718d87c5d44f8ed763edd63543"},
    {file = "numpy-2.2.6-pp310-pypy310_pp73-win_amd64.whl", hash = "sha256:d042d24c90c41b54fd506da306759e06e568864df8ec17ccc17e9e884634fd00"},
    {file = "numpy-2.2.6.tar.gz", hash = "sha256:e29554e2bef54a90aa5cc07da6ce955accb83f21ab5de01a62c8478897b264fd"},
]

[[package]]
name = "orderly-set"
version = "5.4.1"
summary = ""
files = [
    {file = "orderly_set-5.4.1-py3-none-any.whl", hash = "sha256:b5e21d21680bd9ef456885db800c5cb4f76a03879880c0175e1b077fb166fd83"},
    {file = "orderly_set-5.4.1.tar.gz", hash = "sha256:a1fb5a4fdc5e234e9e8d8e5c1bbdbc4540f4dfe50d12bf17c8bc5dbf1c9c878d"},
]

[[package]]
name = "pandas"
version = "2.2.3"
summary = ""
dependencies = [
    "numpy",
    "python-dateutil",
    "pytz",
    "tzdata",
]
files = [
    {file = "pandas-2.2.3-cp310-cp310-macosx_10_9_x86_64.whl", hash = "sha256:1948ddde24197a0f7add2bdc4ca83bf2b1ef84a1bc8ccffd95eda17fd836ecb5"},
    {file = "pandas-2.2.3-cp310-cp310-macosx_11_0_arm64.whl", hash = "sha256:381175499d3802cde0eabbaf6324cce0c4f5d52ca6f8c377c29ad442f50f6348"},
    {file = "pandas-2.2.3-cp310-cp310-manylinux2014_aarch64.manylinux_2_17_aarch64.whl", hash = "sha256:d9c45366def9a3dd85a6454c0e7908f2b3b8e9c138f5dc38fed7ce720d8453ed"},
    {file = "pandas-2.2.3-cp310-cp310-manylinux_2_17_x86_64.manylinux2014_x86_64.whl", hash = "sha256:86976a1c5b25ae3f8ccae3a5306e443569ee3c3faf444dfd0f41cda24667ad57"},
    {file = "pandas-2.2.3-cp310-cp310-musllinux_1_2_aarch64.whl", hash = "sha256:b8661b0238a69d7aafe156b7fa86c44b881387509653fdf857bebc5e4008ad42"},
    {file = "pandas-2.2.3-cp310-cp310-musllinux_1_2_x86_64.whl", hash = "sha256:37e0aced3e8f539eccf2e099f65cdb9c8aa85109b0be6e93e2baff94264bdc6f"},
    {file = "pandas-2.2.3-cp310-cp310-win_amd64.whl", hash = "sha256:56534ce0746a58afaf7942ba4863e0ef81c9c50d3f0ae93e9497d6a41a057645"},
    {file = "pandas-2.2.3-cp311-cp311-macosx_10_9_x86_64.whl", hash = "sha256:66108071e1b935240e74525006034333f98bcdb87ea116de573a6a0dccb6c039"},
    {file = "pandas-2.2.3-cp311-cp311-macosx_11_0_arm64.whl", hash = "sha256:7c2875855b0ff77b2a64a0365e24455d9990730d6431b9e0ee18ad8acee13dbd"},
    {file = "pandas-2.2.3-cp311-cp311-manylinux2014_aarch64.manylinux_2_17_aarch64.whl", hash = "sha256:cd8d0c3be0515c12fed0bdbae072551c8b54b7192c7b1fda0ba56059a0179698"},
    {file = "pandas-2.2.3-cp311-cp311-manylinux_2_17_x86_64.manylinux2014_x86_64.whl", hash = "sha256:c124333816c3a9b03fbeef3a9f230ba9a737e9e5bb4060aa2107a86cc0a497fc"},
    {file = "pandas-2.2.3-cp311-cp311-musllinux_1_2_aarch64.whl", hash = "sha256:63cc132e40a2e084cf01adf0775b15ac515ba905d7dcca47e9a251819c575ef3"},
    {file = "pandas-2.2.3-cp311-cp311-musllinux_1_2_x86_64.whl", hash = "sha256:29401dbfa9ad77319367d36940cd8a0b3a11aba16063e39632d98b0e931ddf32"},
    {file = "pandas-2.2.3-cp311-cp311-win_amd64.whl", hash = "sha256:3fc6873a41186404dad67245896a6e440baacc92f5b716ccd1bc9ed2995ab2c5"},
    {file = "pandas-2.2.3-cp312-cp312-macosx_10_9_x86_64.whl", hash = "sha256:b1d432e8d08679a40e2a6d8b2f9770a5c21793a6f9f47fdd52c5ce1948a5a8a9"},
    {file = "pandas-2.2.3-cp312-cp312-macosx_11_0_arm64.whl", hash = "sha256:a5a1595fe639f5988ba6a8e5bc9649af3baf26df3998a0abe56c02609392e0a4"},
    {file = "pandas-2.2.3-cp312-cp312-manylinux2014_aarch64.manylinux_2_17_aarch64.whl", hash = "sha256:5de54125a92bb4d1c051c0659e6fcb75256bf799a732a87184e5ea503965bce3"},
    {file = "pandas-2.2.3-cp312-cp312-manylinux_2_17_x86_64.manylinux2014_x86_64.whl", hash = "sha256:fffb8ae78d8af97f849404f21411c95062db1496aeb3e56f146f0355c9989319"},
    {file = "pandas-2.2.3-cp312-cp312-musllinux_1_2_aarch64.whl", hash = "sha256:6dfcb5ee8d4d50c06a51c2fffa6cff6272098ad6540aed1a76d15fb9318194d8"},
    {file = "pandas-2.2.3-cp312-cp312-musllinux_1_2_x86_64.whl", hash = "sha256:062309c1b9ea12a50e8ce661145c6aab431b1e99530d3cd60640e255778bd43a"},
    {file = "pandas-2.2.3-cp312-cp312-win_amd64.whl", hash = "sha256:59ef3764d0fe818125a5097d2ae867ca3fa64df032331b7e0917cf5d7bf66b13"},
    {file = "pandas-2.2.3-cp313-cp313-macosx_10_13_x86_64.whl", hash = "sha256:f00d1345d84d8c86a63e476bb4955e46458b304b9575dcf71102b5c705320015"},
    {file = "pandas-2.2.3-cp313-cp313-macosx_11_0_arm64.whl", hash = "sha256:3508d914817e153ad359d7e069d752cdd736a247c322d932eb89e6bc84217f28"},
    {file = "pandas-2.2.3-cp313-cp313-manylinux2014_aarch64.manylinux_2_17_aarch64.whl", hash = "sha256:22a9d949bfc9a502d320aa04e5d02feab689d61da4e7764b62c30b991c42c5f0"},
    {file = "pandas-2.2.3-cp313-cp313-manylinux_2_17_x86_64.manylinux2014_x86_64.whl", hash = "sha256:f3a255b2c19987fbbe62a9dfd6cff7ff2aa9ccab3fc75218fd4b7530f01efa24"},
    {file = "pandas-2.2.3-cp313-cp313-musllinux_1_2_aarch64.whl", hash = "sha256:800250ecdadb6d9c78eae4990da62743b857b470883fa27f652db8bdde7f6659"},
    {file = "pandas-2.2.3-cp313-cp313-musllinux_1_2_x86_64.whl", hash = "sha256:6374c452ff3ec675a8f46fd9ab25c4ad0ba590b71cf0656f8b6daa5202bca3fb"},
    {file = "pandas-2.2.3-cp313-cp313-win_amd64.whl", hash = "sha256:61c5ad4043f791b61dd4752191d9f07f0ae412515d59ba8f005832a532f8736d"},
    {file = "pandas-2.2.3-cp313-cp313t-macosx_10_13_x86_64.whl", hash = "sha256:3b71f27954685ee685317063bf13c7709a7ba74fc996b84fc6821c59b0f06468"},
    {file = "pandas-2.2.3-cp313-cp313t-macosx_11_0_arm64.whl", hash = "sha256:38cf8125c40dae9d5acc10fa66af8ea6fdf760b2714ee482ca691fc66e6fcb18"},
    {file = "pandas-2.2.3-cp313-cp313t-manylinux2014_aarch64.manylinux_2_17_aarch64.whl", hash = "sha256:ba96630bc17c875161df3818780af30e43be9b166ce51c9a18c1feae342906c2"},
    {file = "pandas-2.2.3-cp313-cp313t-manylinux_2_17_x86_64.manylinux2014_x86_64.whl", hash = "sha256:1db71525a1538b30142094edb9adc10be3f3e176748cd7acc2240c2f2e5aa3a4"},
    {file = "pandas-2.2.3-cp313-cp313t-musllinux_1_2_aarch64.whl", hash = "sha256:15c0e1e02e93116177d29ff83e8b1619c93ddc9c49083f237d4312337a61165d"},
    {file = "pandas-2.2.3-cp313-cp313t-musllinux_1_2_x86_64.whl", hash = "sha256:ad5b65698ab28ed8d7f18790a0dc58005c7629f227be9ecc1072aa74c0c1d43a"},
    {file = "pandas-2.2.3.tar.gz", hash = "sha256:4f18ba62b61d7e192368b84517265a99b4d7ee8912f8708660fb4a366cc82667"},
]

[[package]]
name = "protobuf"
version = "6.31.0"
summary = ""
files = [
    {file = "protobuf-6.31.0-cp310-abi3-win32.whl", hash = "sha256:10bd62802dfa0588649740a59354090eaf54b8322f772fbdcca19bc78d27f0d6"},
    {file = "protobuf-6.31.0-cp310-abi3-win_amd64.whl", hash = "sha256:3e987c99fd634be8347246a02123250f394ba20573c953de133dc8b2c107dd71"},
    {file = "protobuf-6.31.0-cp39-abi3-macosx_10_9_universal2.whl", hash = "sha256:2c812f0f96ceb6b514448cefeb1df54ec06dde456783f5099c0e2f8a0f2caa89"},
    {file = "protobuf-6.31.0-cp39-abi3-manylinux2014_aarch64.whl", hash = "sha256:67ce50195e4e584275623b8e6bc6d3d3dfd93924bf6116b86b3b8975ab9e4571"},
    {file = "protobuf-6.31.0-cp39-abi3-manylinux2014_x86_64.whl", hash = "sha256:5353e38844168a327acd2b2aa440044411cd8d1b6774d5701008bd1dba067c79"},
    {file = "protobuf-6.31.0-py3-none-any.whl", hash = "sha256:6ac2e82556e822c17a8d23aa1190bbc1d06efb9c261981da95c71c9da09e9e23"},
    {file = "protobuf-6.31.0.tar.gz", hash = "sha256:314fab1a6a316469dc2dd46f993cbbe95c861ea6807da910becfe7475bc26ffe"},
]

[[package]]
name = "pyarrow"
version = "20.0.0"
summary = ""
files = [
    {file = "pyarrow-20.0.0-cp310-cp310-macosx_12_0_arm64.whl", hash = "sha256:c7dd06fd7d7b410ca5dc839cc9d485d2bc4ae5240851bcd45d85105cc90a47d7"},
    {file = "pyarrow-20.0.0-cp310-cp310-macosx_12_0_x86_64.whl", hash = "sha256:d5382de8dc34c943249b01c19110783d0d64b207167c728461add1ecc2db88e4"},
    {file = "pyarrow-20.0.0-cp310-cp310-manylinux_2_17_aarch64.manylinux2014_aarch64.whl", hash = "sha256:6415a0d0174487456ddc9beaead703d0ded5966129fa4fd3114d76b5d1c5ceae"},
    {file = "pyarrow-20.0.0-cp310-cp310-manylinux_2_17_x86_64.manylinux2014_x86_64.whl", hash = "sha256:15aa1b3b2587e74328a730457068dc6c89e6dcbf438d4369f572af9d320a25ee"},
    {file = "pyarrow-20.0.0-cp310-cp310-manylinux_2_28_aarch64.whl", hash = "sha256:5605919fbe67a7948c1f03b9f3727d82846c053cd2ce9303ace791855923fd20"},
    {file = "pyarrow-20.0.0-cp310-cp310-manylinux_2_28_x86_64.whl", hash = "sha256:a5704f29a74b81673d266e5ec1fe376f060627c2e42c5c7651288ed4b0db29e9"},
    {file = "pyarrow-20.0.0-cp310-cp310-musllinux_1_2_aarch64.whl", hash = "sha256:00138f79ee1b5aca81e2bdedb91e3739b987245e11fa3c826f9e57c5d102fb75"},
    {file = "pyarrow-20.0.0-cp310-cp310-musllinux_1_2_x86_64.whl", hash = "sha256:f2d67ac28f57a362f1a2c1e6fa98bfe2f03230f7e15927aecd067433b1e70ce8"},
    {file = "pyarrow-20.0.0-cp310-cp310-win_amd64.whl", hash = "sha256:4a8b029a07956b8d7bd742ffca25374dd3f634b35e46cc7a7c3fa4c75b297191"},
    {file = "pyarrow-20.0.0-cp311-cp311-macosx_12_0_arm64.whl", hash = "sha256:24ca380585444cb2a31324c546a9a56abbe87e26069189e14bdba19c86c049f0"},
    {file = "pyarrow-20.0.0-cp311-cp311-macosx_12_0_x86_64.whl", hash = "sha256:95b330059ddfdc591a3225f2d272123be26c8fa76e8c9ee1a77aad507361cfdb"},
    {file = "pyarrow-20.0.0-cp311-cp311-manylinux_2_17_aarch64.manylinux2014_aarch64.whl", hash = "sha256:5f0fb1041267e9968c6d0d2ce3ff92e3928b243e2b6d11eeb84d9ac547308232"},
    {file = "pyarrow-20.0.0-cp311-cp311-manylinux_2_17_x86_64.manylinux2014_x86_64.whl", hash = "sha256:b8ff87cc837601532cc8242d2f7e09b4e02404de1b797aee747dd4ba4bd6313f"},
    {file = "pyarrow-20.0.0-cp311-cp311-manylinux_2_28_aarch64.whl", hash = "sha256:7a3a5dcf54286e6141d5114522cf31dd67a9e7c9133d150799f30ee302a7a1ab"},
    {file = "pyarrow-20.0.0-cp311-cp311-manylinux_2_28_x86_64.whl", hash = "sha256:a6ad3e7758ecf559900261a4df985662df54fb7fdb55e8e3b3aa99b23d526b62"},
    {file = "pyarrow-20.0.0-cp311-cp311-musllinux_1_2_aarch64.whl", hash = "sha256:6bb830757103a6cb300a04610e08d9636f0cd223d32f388418ea893a3e655f1c"},
    {file = "pyarrow-20.0.0-cp311-cp311-musllinux_1_2_x86_64.whl", hash = "sha256:96e37f0766ecb4514a899d9a3554fadda770fb57ddf42b63d80f14bc20aa7db3"},
    {file = "pyarrow-20.0.0-cp311-cp311-win_amd64.whl", hash = "sha256:3346babb516f4b6fd790da99b98bed9708e3f02e734c84971faccb20736848dc"},
    {file = "pyarrow-20.0.0-cp312-cp312-macosx_12_0_arm64.whl", hash = "sha256:75a51a5b0eef32727a247707d4755322cb970be7e935172b6a3a9f9ae98404ba"},
    {file = "pyarrow-20.0.0-cp312-cp312-macosx_12_0_x86_64.whl", hash = "sha256:211d5e84cecc640c7a3ab900f930aaff5cd2702177e0d562d426fb7c4f737781"},
    {file = "pyarrow-20.0.0-cp312-cp312-manylinux_2_17_aarch64.manylinux2014_aarch64.whl", hash = "sha256:4ba3cf4182828be7a896cbd232aa8dd6a31bd1f9e32776cc3796c012855e1199"},
    {file = "pyarrow-20.0.0-cp312-cp312-manylinux_2_17_x86_64.manylinux2014_x86_64.whl", hash = "sha256:2c3a01f313ffe27ac4126f4c2e5ea0f36a5fc6ab51f8726cf41fee4b256680bd"},
    {file = "pyarrow-20.0.0-cp312-cp312-manylinux_2_28_aarch64.whl", hash = "sha256:a2791f69ad72addd33510fec7bb14ee06c2a448e06b649e264c094c5b5f7ce28"},
    {file = "pyarrow-20.0.0-cp312-cp312-manylinux_2_28_x86_64.whl", hash = "sha256:4250e28a22302ce8692d3a0e8ec9d9dde54ec00d237cff4dfa9c1fbf79e472a8"},
    {file = "pyarrow-20.0.0-cp312-cp312-musllinux_1_2_aarch64.whl", hash = "sha256:89e030dc58fc760e4010148e6ff164d2f44441490280ef1e97a542375e41058e"},
    {file = "pyarrow-20.0.0-cp312-cp312-musllinux_1_2_x86_64.whl", hash = "sha256:6102b4864d77102dbbb72965618e204e550135a940c2534711d5ffa787df2a5a"},
    {file = "pyarrow-20.0.0-cp312-cp312-win_amd64.whl", hash = "sha256:96d6a0a37d9c98be08f5ed6a10831d88d52cac7b13f5287f1e0f625a0de8062b"},
    {file = "pyarrow-20.0.0-cp313-cp313-macosx_12_0_arm64.whl", hash = "sha256:a15532e77b94c61efadde86d10957950392999503b3616b2ffcef7621a002893"},
    {file = "pyarrow-20.0.0-cp313-cp313-macosx_12_0_x86_64.whl", hash = "sha256:dd43f58037443af715f34f1322c782ec463a3c8a94a85fdb2d987ceb5658e061"},
    {file = "pyarrow-20.0.0-cp313-cp313-manylinux_2_17_aarch64.manylinux2014_aarch64.whl", hash = "sha256:aa0d288143a8585806e3cc7c39566407aab646fb9ece164609dac1cfff45f6ae"},
    {file = "pyarrow-20.0.0-cp313-cp313-manylinux_2_17_x86_64.manylinux2014_x86_64.whl", hash = "sha256:b6953f0114f8d6f3d905d98e987d0924dabce59c3cda380bdfaa25a6201563b4"},
    {file = "pyarrow-20.0.0-cp313-cp313-manylinux_2_28_aarch64.whl", hash = "sha256:991f85b48a8a5e839b2128590ce07611fae48a904cae6cab1f089c5955b57eb5"},
    {file = "pyarrow-20.0.0-cp313-cp313-manylinux_2_28_x86_64.whl", hash = "sha256:97c8dc984ed09cb07d618d57d8d4b67a5100a30c3818c2fb0b04599f0da2de7b"},
    {file = "pyarrow-20.0.0-cp313-cp313-musllinux_1_2_aarch64.whl", hash = "sha256:9b71daf534f4745818f96c214dbc1e6124d7daf059167330b610fc69b6f3d3e3"},
    {file = "pyarrow-20.0.0-cp313-cp313-musllinux_1_2_x86_64.whl", hash = "sha256:e8b88758f9303fa5a83d6c90e176714b2fd3852e776fc2d7e42a22dd6c2fb368"},
    {file = "pyarrow-20.0.0-cp313-cp313-win_amd64.whl", hash = "sha256:30b3051b7975801c1e1d387e17c588d8ab05ced9b1e14eec57915f79869b5031"},
    {file = "pyarrow-20.0.0-cp313-cp313t-macosx_12_0_arm64.whl", hash = "sha256:ca151afa4f9b7bc45bcc791eb9a89e90a9eb2772767d0b1e5389609c7d03db63"},
    {file = "pyarrow-20.0.0-cp313-cp313t-macosx_12_0_x86_64.whl", hash = "sha256:4680f01ecd86e0dd63e39eb5cd59ef9ff24a9d166db328679e36c108dc993d4c"},
    {file = "pyarrow-20.0.0-cp313-cp313t-manylinux_2_17_aarch64.manylinux2014_aarch64.whl", hash = "sha256:7f4c8534e2ff059765647aa69b75d6543f9fef59e2cd4c6d18015192565d2b70"},
    {file = "pyarrow-20.0.0-cp313-cp313t-manylinux_2_17_x86_64.manylinux2014_x86_64.whl", hash = "sha256:3e1f8a47f4b4ae4c69c4d702cfbdfe4d41e18e5c7ef6f1bb1c50918c1e81c57b"},
    {file = "pyarrow-20.0.0-cp313-cp313t-manylinux_2_28_aarch64.whl", hash = "sha256:a1f60dc14658efaa927f8214734f6a01a806d7690be4b3232ba526836d216122"},
    {file = "pyarrow-20.0.0-cp313-cp313t-manylinux_2_28_x86_64.whl", hash = "sha256:204a846dca751428991346976b914d6d2a82ae5b8316a6ed99789ebf976551e6"},
    {file = "pyarrow-20.0.0-cp313-cp313t-musllinux_1_2_aarch64.whl", hash = "sha256:f3b117b922af5e4c6b9a9115825726cac7d8b1421c37c2b5e24fbacc8930612c"},
    {file = "pyarrow-20.0.0-cp313-cp313t-musllinux_1_2_x86_64.whl", hash = "sha256:e724a3fd23ae5b9c010e7be857f4405ed5e679db5c93e66204db1a69f733936a"},
    {file = "pyarrow-20.0.0-cp313-cp313t-win_amd64.whl", hash = "sha256:82f1ee5133bd8f49d31be1299dc07f585136679666b502540db854968576faf9"},
    {file = "pyarrow-20.0.0.tar.gz", hash = "sha256:febc4a913592573c8d5805091a6c2b5064c8bd6e002131f01061797d91c783c1"},
]

[[package]]
name = "pymilvus"
version = "2.5.10"
summary = ""
dependencies = [
    "grpcio",
    "milvus-lite; sys_platform != \"win32\"",
    "pandas",
    "protobuf",
    "python-dotenv",
    "setuptools",
    "ujson",
]
files = [
    {file = "pymilvus-2.5.10-py3-none-any.whl", hash = "sha256:7da540f93068871cda3941602c55227aeaafb66f2f0d9c05e8f9db783716b100"},
    {file = "pymilvus-2.5.10.tar.gz", hash = "sha256:cc44ad776aeab781ee4c4a4d334b73e746066ab2fb6722c5311f02efa6fc54a2"},
]

[[package]]
name = "python-dateutil"
version = "2.9.0.post0"
summary = ""
dependencies = [
    "six",
]
files = [
    {file = "python-dateutil-2.9.0.post0.tar.gz", hash = "sha256:37dd54208da7e1cd875388217d5e00ebd4179249f90fb72437e91a35459a0ad3"},
    {file = "python_dateutil-2.9.0.post0-py2.py3-none-any.whl", hash = "sha256:a8b2bc7bffae282281c8140a97d3aa9c14da0b136dfe83f850eea9a5f7470427"},
]

[[package]]
name = "python-dotenv"
version = "1.1.0"
summary = ""
files = [
    {file = "python_dotenv-1.1.0-py3-none-any.whl", hash = "sha256:d7c01d9e2293916c18baf562d95698754b0dbbb5e74d457c45d4f6561fb9d55d"},
    {file = "python_dotenv-1.1.0.tar.gz", hash = "sha256:41f90bc6f5f177fb41f53e87666db362025010eb28f60a01c9143bfa33a2b2d5"},
]

[[package]]
name = "pytz"
version = "2025.2"
summary = ""
files = [
    {file = "pytz-2025.2-py2.py3-none-any.whl", hash = "sha256:5ddf76296dd8c44c26eb8f4b6f35488f3ccbf6fbbd7adee0b7262d43f0ec2f00"},
    {file = "pytz-2025.2.tar.gz", hash = "sha256:360b9e3dbb49a209c21ad61809c7fb453643e048b38924c765813546746e81c3"},
]

[[package]]
name = "setuptools"
version = "80.9.0"
summary = ""
files = [
    {file = "setuptools-80.9.0-py3-none-any.whl", hash = "sha256:062d34222ad13e0cc312a4c02d73f059e86a4acbfbdea8f8f76b28c99f306922"},
    {file = "setuptools-80.9.0.tar.gz", hash = "sha256:f36b47402ecde768dbfafc46e8e4207b4360c654f1f3bb84475f0a28628fb19c"},
]

[[package]]
name = "six"
version = "1.17.0"
summary = ""
files = [
    {file = "six-1.17.0-py2.py3-none-any.whl", hash = "sha256:4721f391ed90541fddacab5acf947aa0d3dc7d27b2e1e8eda2be8970586c3274"},
    {file = "six-1.17.0.tar.gz", hash = "sha256:ff70335d468e7eb6ec65b95b99d3a2836546063f63acc5171de367e834932a81"},
]

[[package]]
name = "tqdm"
version = "4.67.1"
summary = ""
dependencies = [
    "colorama; sys_platform == \"win32\"",
]
files = [
    {file = "tqdm-4.67.1-py3-none-any.whl", hash = "sha256:26445eca388f82e72884e0d580d5464cd801a3ea01e63e5601bdff9ba6a48de2"},
    {file = "tqdm-4.67.1.tar.gz", hash = "sha256:f8aef9c52c08c13a65f30ea34f4e5aac3fd1a34959879d7e59e63027286627f2"},
]

[[package]]
name = "tzdata"
version = "2025.2"
summary = ""
files = [
    {file = "tzdata-2025.2-py2.py3-none-any.whl", hash = "sha256:1a403fada01ff9221ca8044d701868fa132215d84beb92242d9acd2147f667a8"},
    {file = "tzdata-2025.2.tar.gz", hash = "sha256:b60a638fcc0daffadf82fe0f57e53d06bdec2f36c4df66280ae79bce6bd6f2b9"},
]

[[package]]
name = "ujson"
version = "5.10.0"
summary = ""
files = [
    {file = "ujson-5.10.0-cp310-cp310-macosx_10_9_x86_64.whl", hash = "sha256:2601aa9ecdbee1118a1c2065323bda35e2c5a2cf0797ef4522d485f9d3ef65bd"},
    {file = "ujson-5.10.0-cp310-cp310-macosx_11_0_arm64.whl", hash = "sha256:348898dd702fc1c4f1051bc3aacbf894caa0927fe2c53e68679c073375f732cf"},
    {file = "ujson-5.10.0-cp310-cp310-manylinux_2_17_aarch64.manylinux2014_aarch64.whl", hash = "sha256:22cffecf73391e8abd65ef5f4e4dd523162a3399d5e84faa6aebbf9583df86d6"},
    {file = "ujson-5.10.0-cp310-cp310-manylinux_2_17_x86_64.manylinux2014_x86_64.whl", hash = "sha256:26b0e2d2366543c1bb4fbd457446f00b0187a2bddf93148ac2da07a53fe51569"},
    {file = "ujson-5.10.0-cp310-cp310-manylinux_2_5_i686.manylinux1_i686.manylinux_2_17_i686.manylinux2014_i686.whl", hash = "sha256:caf270c6dba1be7a41125cd1e4fc7ba384bf564650beef0df2dd21a00b7f5770"},
    {file = "ujson-5.10.0-cp310-cp310-musllinux_1_2_aarch64.whl", hash = "sha256:a245d59f2ffe750446292b0094244df163c3dc96b3ce152a2c837a44e7cda9d1"},
    {file = "ujson-5.10.0-cp310-cp310-musllinux_1_2_i686.whl", hash = "sha256:94a87f6e151c5f483d7d54ceef83b45d3a9cca7a9cb453dbdbb3f5a6f64033f5"},
    {file = "ujson-5.10.0-cp310-cp310-musllinux_1_2_x86_64.whl", hash = "sha256:29b443c4c0a113bcbb792c88bea67b675c7ca3ca80c3474784e08bba01c18d51"},
    {file = "ujson-5.10.0-cp310-cp310-win32.whl", hash = "sha256:c18610b9ccd2874950faf474692deee4223a994251bc0a083c114671b64e6518"},
    {file = "ujson-5.10.0-cp310-cp310-win_amd64.whl", hash = "sha256:924f7318c31874d6bb44d9ee1900167ca32aa9b69389b98ecbde34c1698a250f"},
    {file = "ujson-5.10.0-cp311-cp311-macosx_10_9_x86_64.whl", hash = "sha256:a5b366812c90e69d0f379a53648be10a5db38f9d4ad212b60af00bd4048d0f00"},
    {file = "ujson-5.10.0-cp311-cp311-macosx_11_0_arm64.whl", hash = "sha256:502bf475781e8167f0f9d0e41cd32879d120a524b22358e7f205294224c71126"},
    {file = "ujson-5.10.0-cp311-cp311-manylinux_2_17_aarch64.manylinux2014_aarch64.whl", hash = "sha256:5b91b5d0d9d283e085e821651184a647699430705b15bf274c7896f23fe9c9d8"},
    {file = "ujson-5.10.0-cp311-cp311-manylinux_2_17_x86_64.manylinux2014_x86_64.whl", hash = "sha256:129e39af3a6d85b9c26d5577169c21d53821d8cf68e079060602e861c6e5da1b"},
    {file = "ujson-5.10.0-cp311-cp311-manylinux_2_5_i686.manylinux1_i686.manylinux_2_17_i686.manylinux2014_i686.whl", hash = "sha256:f77b74475c462cb8b88680471193064d3e715c7c6074b1c8c412cb526466efe9"},
    {file = "ujson-5.10.0-cp311-cp311-musllinux_1_2_aarch64.whl", hash = "sha256:7ec0ca8c415e81aa4123501fee7f761abf4b7f386aad348501a26940beb1860f"},
    {file = "ujson-5.10.0-cp311-cp311-musllinux_1_2_i686.whl", hash = "sha256:ab13a2a9e0b2865a6c6db9271f4b46af1c7476bfd51af1f64585e919b7c07fd4"},
    {file = "ujson-5.10.0-cp311-cp311-musllinux_1_2_x86_64.whl", hash = "sha256:57aaf98b92d72fc70886b5a0e1a1ca52c2320377360341715dd3933a18e827b1"},
    {file = "ujson-5.10.0-cp311-cp311-win32.whl", hash = "sha256:2987713a490ceb27edff77fb184ed09acdc565db700ee852823c3dc3cffe455f"},
    {file = "ujson-5.10.0-cp311-cp311-win_amd64.whl", hash = "sha256:f00ea7e00447918ee0eff2422c4add4c5752b1b60e88fcb3c067d4a21049a720"},
    {file = "ujson-5.10.0-cp312-cp312-macosx_10_9_x86_64.whl", hash = "sha256:98ba15d8cbc481ce55695beee9f063189dce91a4b08bc1d03e7f0152cd4bbdd5"},
    {file = "ujson-5.10.0-cp312-cp312-macosx_11_0_arm64.whl", hash = "sha256:a9d2edbf1556e4f56e50fab7d8ff993dbad7f54bac68eacdd27a8f55f433578e"},
    {file = "ujson-5.10.0-cp312-cp312-manylinux_2_17_aarch64.manylinux2014_aarch64.whl", hash = "sha256:6627029ae4f52d0e1a2451768c2c37c0c814ffc04f796eb36244cf16b8e57043"},
    {file = "ujson-5.10.0-cp312-cp312-manylinux_2_17_x86_64.manylinux2014_x86_64.whl", hash = "sha256:f8ccb77b3e40b151e20519c6ae6d89bfe3f4c14e8e210d910287f778368bb3d1"},
    {file = "ujson-5.10.0-cp312-cp312-manylinux_2_5_i686.manylinux1_i686.manylinux_2_17_i686.manylinux2014_i686.whl", hash = "sha256:f3caf9cd64abfeb11a3b661329085c5e167abbe15256b3b68cb5d914ba7396f3"},
    {file = "ujson-5.10.0-cp312-cp312-musllinux_1_2_aarch64.whl", hash = "sha256:6e32abdce572e3a8c3d02c886c704a38a1b015a1fb858004e03d20ca7cecbb21"},
    {file = "ujson-5.10.0-cp312-cp312-musllinux_1_2_i686.whl", hash = "sha256:a65b6af4d903103ee7b6f4f5b85f1bfd0c90ba4eeac6421aae436c9988aa64a2"},
    {file = "ujson-5.10.0-cp312-cp312-musllinux_1_2_x86_64.whl", hash = "sha256:604a046d966457b6cdcacc5aa2ec5314f0e8c42bae52842c1e6fa02ea4bda42e"},
    {file = "ujson-5.10.0-cp312-cp312-win32.whl", hash = "sha256:6dea1c8b4fc921bf78a8ff00bbd2bfe166345f5536c510671bccececb187c80e"},
    {file = "ujson-5.10.0-cp312-cp312-win_amd64.whl", hash = "sha256:38665e7d8290188b1e0d57d584eb8110951a9591363316dd41cf8686ab1d0abc"},
    {file = "ujson-5.10.0-cp313-cp313-macosx_10_9_x86_64.whl", hash = "sha256:618efd84dc1acbd6bff8eaa736bb6c074bfa8b8a98f55b61c38d4ca2c1f7f287"},
    {file = "ujson-5.10.0-cp313-cp313-macosx_11_0_arm64.whl", hash = "sha256:38d5d36b4aedfe81dfe251f76c0467399d575d1395a1755de391e58985ab1c2e"},
    {file = "ujson-5.10.0-cp313-cp313-manylinux_2_17_aarch64.manylinux2014_aarch64.whl", hash = "sha256:67079b1f9fb29ed9a2914acf4ef6c02844b3153913eb735d4bf287ee1db6e557"},
    {file = "ujson-5.10.0-cp313-cp313-manylinux_2_17_x86_64.manylinux2014_x86_64.whl", hash = "sha256:d7d0e0ceeb8fe2468c70ec0c37b439dd554e2aa539a8a56365fd761edb418988"},
    {file = "ujson-5.10.0-cp313-cp313-manylinux_2_5_i686.manylinux1_i686.manylinux_2_17_i686.manylinux2014_i686.whl", hash = "sha256:59e02cd37bc7c44d587a0ba45347cc815fb7a5fe48de16bf05caa5f7d0d2e816"},
    {file = "ujson-5.10.0-cp313-cp313-musllinux_1_2_aarch64.whl", hash = "sha256:2a890b706b64e0065f02577bf6d8ca3b66c11a5e81fb75d757233a38c07a1f20"},
    {file = "ujson-5.10.0-cp313-cp313-musllinux_1_2_i686.whl", hash = "sha256:621e34b4632c740ecb491efc7f1fcb4f74b48ddb55e65221995e74e2d00bbff0"},
    {file = "ujson-5.10.0-cp313-cp313-musllinux_1_2_x86_64.whl", hash = "sha256:b9500e61fce0cfc86168b248104e954fead61f9be213087153d272e817ec7b4f"},
    {file = "ujson-5.10.0-cp313-cp313-win32.whl", hash = "sha256:4c4fc16f11ac1612f05b6f5781b384716719547e142cfd67b65d035bd85af165"},
    {file = "ujson-5.10.0-cp313-cp313-win_amd64.whl", hash = "sha256:4573fd1695932d4f619928fd09d5d03d917274381649ade4328091ceca175539"},
    {file = "ujson-5.10.0-pp310-pypy310_pp73-macosx_10_9_x86_64.whl", hash = "sha256:5b6fee72fa77dc172a28f21693f64d93166534c263adb3f96c413ccc85ef6e64"},
    {file = "ujson-5.10.0-pp310-pypy310_pp73-macosx_11_0_arm64.whl", hash = "sha256:61d0af13a9af01d9f26d2331ce49bb5ac1fb9c814964018ac8df605b5422dcb3"},
    {file = "ujson-5.10.0-pp310-pypy310_pp73-manylinux_2_17_aarch64.manylinux2014_aarch64.whl", hash = "sha256:ecb24f0bdd899d368b715c9e6664166cf694d1e57be73f17759573a6986dd95a"},
    {file = "ujson-5.10.0-pp310-pypy310_pp73-manylinux_2_17_x86_64.manylinux2014_x86_64.whl", hash = "sha256:fbd8fd427f57a03cff3ad6574b5e299131585d9727c8c366da4624a9069ed746"},
    {file = "ujson-5.10.0-pp310-pypy310_pp73-manylinux_2_5_i686.manylinux1_i686.manylinux_2_17_i686.manylinux2014_i686.whl", hash = "sha256:beeaf1c48e32f07d8820c705ff8e645f8afa690cca1544adba4ebfa067efdc88"},
    {file = "ujson-5.10.0-pp310-pypy310_pp73-win_amd64.whl", hash = "sha256:baed37ea46d756aca2955e99525cc02d9181de67f25515c468856c38d52b5f3b"},
    {file = "ujson-5.10.0.tar.gz", hash = "sha256:b3cd8f3c5d8c7738257f1018880444f7b7d9b66232c64649f562d7ba86ad4bc1"},
]

[[package]]
name = "win32-setctime"
version = "1.2.0"
summary = ""
files = [
    {file = "win32_setctime-1.2.0-py3-none-any.whl", hash = "sha256:95d644c4e708aba81dc3704a116d8cbc974d70b3bdb8be1d150e36be6e9d1390"},
    {file = "win32_setctime-1.2.0.tar.gz", hash = "sha256:ae1fdf948f5640aae05c511ade119313fb6a30d7eabe25fef9764dca5873c4c0"},
]
